// !$*UTF8*$!
{
	archiveVersion = 1;
	classes = {
	};
	objectVersion = 46;
	objects = {

/* Begin PBXBuildFile section */
		5BAB8E191D76077F00216653 /* AppDelegate.swift in Sources */ = {isa = PBXBuildFile; fileRef = 5BAB8E181D76077F00216653 /* AppDelegate.swift */; };
		5BAB8E1E1D76077F00216653 /* Main.storyboard in Resources */ = {isa = PBXBuildFile; fileRef = 5BAB8E1C1D76077F00216653 /* Main.storyboard */; };
		5BAB8E211D76077F00216653 /* WordSearch.xcdatamodeld in Sources */ = {isa = PBXBuildFile; fileRef = 5BAB8E1F1D76077F00216653 /* WordSearch.xcdatamodeld */; };
		5BAB8E231D76077F00216653 /* Assets.xcassets in Resources */ = {isa = PBXBuildFile; fileRef = 5BAB8E221D76077F00216653 /* Assets.xcassets */; };
		5BAB8E261D76077F00216653 /* LaunchScreen.storyboard in Resources */ = {isa = PBXBuildFile; fileRef = 5BAB8E241D76077F00216653 /* LaunchScreen.storyboard */; };
		5BAB8E341D760D1800216653 /* TableViewController.swift in Sources */ = {isa = PBXBuildFile; fileRef = 5BAB8E331D760D1800216653 /* TableViewController.swift */; };
		5BAD3DD01D76511200C9B1A4 /* APIController.swift in Sources */ = {isa = PBXBuildFile; fileRef = 5BAD3DCF1D76511200C9B1A4 /* APIController.swift */; };
/* End PBXBuildFile section */

/* Begin PBXFileReference section */
		5BAB8E151D76077F00216653 /* WordSearch.app */ = {isa = PBXFileReference; explicitFileType = wrapper.application; includeInIndex = 0; path = WordSearch.app; sourceTree = BUILT_PRODUCTS_DIR; };
		5BAB8E181D76077F00216653 /* AppDelegate.swift */ = {isa = PBXFileReference; lastKnownFileType = sourcecode.swift; path = AppDelegate.swift; sourceTree = "<group>"; };
		5BAB8E1D1D76077F00216653 /* Base */ = {isa = PBXFileReference; lastKnownFileType = file.storyboard; name = Base; path = Base.lproj/Main.storyboard; sourceTree = "<group>"; };
		5BAB8E201D76077F00216653 /* WordSearch.xcdatamodel */ = {isa = PBXFileReference; lastKnownFileType = wrapper.xcdatamodel; path = WordSearch.xcdatamodel; sourceTree = "<group>"; };
		5BAB8E221D76077F00216653 /* Assets.xcassets */ = {isa = PBXFileReference; lastKnownFileType = folder.assetcatalog; path = Assets.xcassets; sourceTree = "<group>"; };
		5BAB8E251D76077F00216653 /* Base */ = {isa = PBXFileReference; lastKnownFileType = file.storyboard; name = Base; path = Base.lproj/LaunchScreen.storyboard; sourceTree = "<group>"; };
		5BAB8E271D76077F00216653 /* Info.plist */ = {isa = PBXFileReference; lastKnownFileType = text.plist.xml; path = Info.plist; sourceTree = "<group>"; };
		5BAB8E331D760D1800216653 /* TableViewController.swift */ = {isa = PBXFileReference; fileEncoding = 4; lastKnownFileType = sourcecode.swift; path = TableViewController.swift; sourceTree = "<group>"; };
		5BAD3DCF1D76511200C9B1A4 /* APIController.swift */ = {isa = PBXFileReference; fileEncoding = 4; lastKnownFileType = sourcecode.swift; name = APIController.swift; path = ../APIController.swift; sourceTree = "<group>"; };
/* End PBXFileReference section */

/* Begin PBXFrameworksBuildPhase section */
		5BAB8E121D76077F00216653 /* Frameworks */ = {
			isa = PBXFrameworksBuildPhase;
			buildActionMask = 2147483647;
			files = (
			);
			runOnlyForDeploymentPostprocessing = 0;
		};
/* End PBXFrameworksBuildPhase section */

/* Begin PBXGroup section */
		5BAB8E0C1D76077F00216653 = {
			isa = PBXGroup;
			children = (
				5BAB8E171D76077F00216653 /* WordSearch */,
				5BAB8E161D76077F00216653 /* Products */,
			);
			sourceTree = "<group>";
		};
		5BAB8E161D76077F00216653 /* Products */ = {
			isa = PBXGroup;
			children = (
				5BAB8E151D76077F00216653 /* WordSearch.app */,
			);
			name = Products;
			sourceTree = "<group>";
		};
		5BAB8E171D76077F00216653 /* WordSearch */ = {
			isa = PBXGroup;
			children = (
				5BAB8E181D76077F00216653 /* AppDelegate.swift */,
				5BAB8E331D760D1800216653 /* TableViewController.swift */,
				5BAD3DCF1D76511200C9B1A4 /* APIController.swift */,
				5BAB8E1C1D76077F00216653 /* Main.storyboard */,
				5BAB8E221D76077F00216653 /* Assets.xcassets */,
				5BAB8E241D76077F00216653 /* LaunchScreen.storyboard */,
				5BAB8E271D76077F00216653 /* Info.plist */,
				5BAB8E1F1D76077F00216653 /* WordSearch.xcdatamodeld */,
			);
			path = WordSearch;
			sourceTree = "<group>";
		};
/* End PBXGroup section */

/* Begin PBXNativeTarget section */
		5BAB8E141D76077F00216653 /* WordSearch */ = {
			isa = PBXNativeTarget;
			buildConfigurationList = 5BAB8E2A1D76077F00216653 /* Build configuration list for PBXNativeTarget "WordSearch" */;
			buildPhases = (
				5BAB8E111D76077F00216653 /* Sources */,
				5BAB8E121D76077F00216653 /* Frameworks */,
				5BAB8E131D76077F00216653 /* Resources */,
			);
			buildRules = (
			);
			dependencies = (
			);
			name = WordSearch;
			productName = WordSearch;
			productReference = 5BAB8E151D76077F00216653 /* WordSearch.app */;
			productType = "com.apple.product-type.application";
		};
/* End PBXNativeTarget section */

/* Begin PBXProject section */
		5BAB8E0D1D76077F00216653 /* Project object */ = {
			isa = PBXProject;
			attributes = {
				LastSwiftUpdateCheck = 0730;
				LastUpgradeCheck = 0730;
				ORGANIZATIONNAME = "The Iron Yard";
				TargetAttributes = {
					5BAB8E141D76077F00216653 = {
						CreatedOnToolsVersion = 7.3.1;
					};
				};
			};
			buildConfigurationList = 5BAB8E101D76077F00216653 /* Build configuration list for PBXProject "WordSearch" */;
			compatibilityVersion = "Xcode 3.2";
			developmentRegion = English;
			hasScannedForEncodings = 0;
			knownRegions = (
				en,
				Base,
			);
			mainGroup = 5BAB8E0C1D76077F00216653;
			productRefGroup = 5BAB8E161D76077F00216653 /* Products */;
			projectDirPath = "";
			projectRoot = "";
			targets = (
				5BAB8E141D76077F00216653 /* WordSearch */,
			);
		};
/* End PBXProject section */

/* Begin PBXResourcesBuildPhase section */
		5BAB8E131D76077F00216653 /* Resources */ = {
			isa = PBXResourcesBuildPhase;
			buildActionMask = 2147483647;
			files = (
				5BAB8E261D76077F00216653 /* LaunchScreen.storyboard in Resources */,
				5BAB8E231D76077F00216653 /* Assets.xcassets in Resources */,
				5BAB8E1E1D76077F00216653 /* Main.storyboard in Resources */,
			);
			runOnlyForDeploymentPostprocessing = 0;
		};
/* End PBXResourcesBuildPhase section */

/* Begin PBXSourcesBuildPhase section */
		5BAB8E111D76077F00216653 /* Sources */ = {
			isa = PBXSourcesBuildPhase;
			buildActionMask = 2147483647;
			files = (
				5BAD3DD01D76511200C9B1A4 /* APIController.swift in Sources */,
				5BAB8E211D76077F00216653 /* WordSearch.xcdatamodeld in Sources */,
				5BAB8E341D760D1800216653 /* TableViewController.swift in Sources */,
				5BAB8E191D76077F00216653 /* AppDelegate.swift in Sources */,
			);
			runOnlyForDeploymentPostprocessing = 0;
		};
/* End PBXSourcesBuildPhase section */

/* Begin PBXVariantGroup section */
		5BAB8E1C1D76077F00216653 /* Main.storyboard */ = {
			isa = PBXVariantGroup;
			children = (
				5BAB8E1D1D76077F00216653 /* Base */,
			);
			name = Main.storyboard;
			sourceTree = "<group>";
		};
		5BAB8E241D76077F00216653 /* LaunchScreen.storyboard */ = {
			isa = PBXVariantGroup;
			children = (
				5BAB8E251D76077F00216653 /* Base */,
			);
			name = LaunchScreen.storyboard;
			sourceTree = "<group>";
		};
/* End PBXVariantGroup section */

/* Begin XCBuildConfiguration section */
		5BAB8E281D76077F00216653 /* Debug */ = {
			isa = XCBuildConfiguration;
			buildSettings = {
				ALWAYS_SEARCH_USER_PATHS = NO;
				CLANG_ANALYZER_NONNULL = YES;
				CLANG_CXX_LANGUAGE_STANDARD = "gnu++0x";
				CLANG_CXX_LIBRARY = "libc++";
				CLANG_ENABLE_MODULES = YES;
				CLANG_ENABLE_OBJC_ARC = YES;
				CLANG_WARN_BOOL_CONVERSION = YES;
				CLANG_WARN_CONSTANT_CONVERSION = YES;
				CLANG_WARN_DIRECT_OBJC_ISA_USAGE = YES_ERROR;
				CLANG_WARN_EMPTY_BODY = YES;
				CLANG_WARN_ENUM_CONVERSION = YES;
				CLANG_WARN_INT_CONVERSION = YES;
				CLANG_WARN_OBJC_ROOT_CLASS = YES_ERROR;
				CLANG_WARN_UNREACHABLE_CODE = YES;
				CLANG_WARN__DUPLICATE_METHOD_MATCH = YES;
				"CODE_SIGN_IDENTITY[sdk=iphoneos*]" = "iPhone Developer";
				COPY_PHASE_STRIP = NO;
				DEBUG_INFORMATION_FORMAT = dwarf;
				ENABLE_STRICT_OBJC_MSGSEND = YES;
				ENABLE_TESTABILITY = YES;
				GCC_C_LANGUAGE_STANDARD = gnu99;
				GCC_DYNAMIC_NO_PIC = NO;
				GCC_NO_COMMON_BLOCKS = YES;
				GCC_OPTIMIZATION_LEVEL = 0;
				GCC_PREPROCESSOR_DEFINITIONS = (
					"DEBUG=1",
					"$(inherited)",
				);
				GCC_WARN_64_TO_32_BIT_CONVERSION = YES;
				GCC_WARN_ABOUT_RETURN_TYPE = YES_ERROR;
				GCC_WARN_UNDECLARED_SELECTOR = YES;
				GCC_WARN_UNINITIALIZED_AUTOS = YES_AGGRESSIVE;
				GCC_WARN_UNUSED_FUNCTION = YES;
				GCC_WARN_UNUSED_VARIABLE = YES;
				IPHONEOS_DEPLOYMENT_TARGET = 9.3;
				MTL_ENABLE_DEBUG_INFO = YES;
				ONLY_ACTIVE_ARCH = YES;
				SDKROOT = iphoneos;
				SWIFT_OPTIMIZATION_LEVEL = "-Onone";
			};
			name = Debug;
		};
		5BAB8E291D76077F00216653 /* Release */ = {
			isa = XCBuildConfiguration;
			buildSettings = {
				ALWAYS_SEARCH_USER_PATHS = NO;
				CLANG_ANALYZER_NONNULL = YES;
				CLANG_CXX_LANGUAGE_STANDARD = "gnu++0x";
				CLANG_CXX_LIBRARY = "libc++";
				CLANG_ENABLE_MODULES = YES;
				CLANG_ENABLE_OBJC_ARC = YES;
				CLANG_WARN_BOOL_CONVERSION = YES;
				CLANG_WARN_CONSTANT_CONVERSION = YES;
				CLANG_WARN_DIRECT_OBJC_ISA_USAGE = YES_ERROR;
				CLANG_WARN_EMPTY_BODY = YES;
				CLANG_WARN_ENUM_CONVERSION = YES;
				CLANG_WARN_INT_CONVERSION = YES;
				CLANG_WARN_OBJC_ROOT_CLASS = YES_ERROR;
				CLANG_WARN_UNREACHABLE_CODE = YES;
				CLANG_WARN__DUPLICATE_METHOD_MATCH = YES;
				"CODE_SIGN_IDENTITY[sdk=iphoneos*]" = "iPhone Developer";
				COPY_PHASE_STRIP = NO;
				DEBUG_INFORMATION_FORMAT = "dwarf-with-dsym";
				ENABLE_NS_ASSERTIONS = NO;
				ENABLE_STRICT_OBJC_MSGSEND = YES;
				GCC_C_LANGUAGE_STANDARD = gnu99;
				GCC_NO_COMMON_BLOCKS = YES;
				GCC_WARN_64_TO_32_BIT_CONVERSION = YES;
				GCC_WARN_ABOUT_RETURN_TYPE = YES_ERROR;
				GCC_WARN_UNDECLARED_SELECTOR = YES;
				GCC_WARN_UNINITIALIZED_AUTOS = YES_AGGRESSIVE;
				GCC_WARN_UNUSED_FUNCTION = YES;
				GCC_WARN_UNUSED_VARIABLE = YES;
				IPHONEOS_DEPLOYMENT_TARGET = 9.3;
				MTL_ENABLE_DEBUG_INFO = NO;
				SDKROOT = iphoneos;
				VALIDATE_PRODUCT = YES;
			};
			name = Release;
		};
		5BAB8E2B1D76077F00216653 /* Debug */ = {
			isa = XCBuildConfiguration;
			buildSettings = {
				ASSETCATALOG_COMPILER_APPICON_NAME = AppIcon;
				INFOPLIST_FILE = WordSearch/Info.plist;
				LD_RUNPATH_SEARCH_PATHS = "$(inherited) @executable_path/Frameworks";
				PRODUCT_BUNDLE_IDENTIFIER = com.tiy.WordSearch;
				PRODUCT_NAME = "$(TARGET_NAME)";
			};
			name = Debug;
		};
		5BAB8E2C1D76077F00216653 /* Release */ = {
			isa = XCBuildConfiguration;
			buildSettings = {
				ASSETCATALOG_COMPILER_APPICON_NAME = AppIcon;
				INFOPLIST_FILE = WordSearch/Info.plist;
				LD_RUNPATH_SEARCH_PATHS = "$(inherited) @executable_path/Frameworks";
				PRODUCT_BUNDLE_IDENTIFIER = com.tiy.WordSearch;
				PRODUCT_NAME = "$(TARGET_NAME)";
			};
			name = Release;
		};
/* End XCBuildConfiguration section */

/* Begin XCConfigurationList section */
		5BAB8E101D76077F00216653 /* Build configuration list for PBXProject "WordSearch" */ = {
			isa = XCConfigurationList;
			buildConfigurations = (
				5BAB8E281D76077F00216653 /* Debug */,
				5BAB8E291D76077F00216653 /* Release */,
			);
			defaultConfigurationIsVisible = 0;
			defaultConfigurationName = Release;
		};
		5BAB8E2A1D76077F00216653 /* Build configuration list for PBXNativeTarget "WordSearch" */ = {
			isa = XCConfigurationList;
			buildConfigurations = (
				5BAB8E2B1D76077F00216653 /* Debug */,
				5BAB8E2C1D76077F00216653 /* Release */,
			);
			defaultConfigurationIsVisible = 0;
			defaultConfigurationName = Release;
		};
/* End XCConfigurationList section */

/* Begin XCVersionGroup section */
		5BAB8E1F1D76077F00216653 /* WordSearch.xcdatamodeld */ = {
			isa = XCVersionGroup;
			children = (
				5BAB8E201D76077F00216653 /* WordSearch.xcdatamodel */,
			);
			currentVersion = 5BAB8E201D76077F00216653 /* WordSearch.xcdatamodel */;
			path = WordSearch.xcdatamodeld;
			sourceTree = "<group>";
			versionGroupType = wrapper.xcdatamodel;
		};
/* End XCVersionGroup section */
	};
	rootObject = 5BAB8E0D1D76077F00216653 /* Project object */;
}
